// !$*UTF8*$!
{
	archiveVersion = 1;
	classes = {
	};
	objectVersion = 46;
	objects = {

/* Begin PBXBuildFile section */
		3DDA995B1BD526A700653D7F /* main.m in Sources */ = {isa = PBXBuildFile; fileRef = 3DDA995A1BD526A700653D7F /* main.m */; };
		3DDA995E1BD526A700653D7F /* AppDelegate.m in Sources */ = {isa = PBXBuildFile; fileRef = 3DDA995D1BD526A700653D7F /* AppDelegate.m */; };
		3DDA99641BD526A800653D7F /* Main.storyboard in Resources */ = {isa = PBXBuildFile; fileRef = 3DDA99621BD526A800653D7F /* Main.storyboard */; };
		3DDA99661BD526A800653D7F /* Assets.xcassets in Resources */ = {isa = PBXBuildFile; fileRef = 3DDA99651BD526A800653D7F /* Assets.xcassets */; };
		3DDA99691BD526A800653D7F /* LaunchScreen.storyboard in Resources */ = {isa = PBXBuildFile; fileRef = 3DDA99671BD526A800653D7F /* LaunchScreen.storyboard */; };
		3DDA99711BD56C3500653D7F /* Create.storyboard in Resources */ = {isa = PBXBuildFile; fileRef = 3DDA99701BD56C3500653D7F /* Create.storyboard */; settings = {ASSET_TAGS = (); }; };
		3DDA99731BD56C5000653D7F /* User.storyboard in Resources */ = {isa = PBXBuildFile; fileRef = 3DDA99721BD56C5000653D7F /* User.storyboard */; settings = {ASSET_TAGS = (); }; };
		3DDA99791BD56EB200653D7F /* SelfieTableViewController.m in Sources */ = {isa = PBXBuildFile; fileRef = 3DDA99781BD56EB200653D7F /* SelfieTableViewController.m */; settings = {ASSET_TAGS = (); }; };
		3DDA997C1BD56EF600653D7F /* SelfieDetailViewController.m in Sources */ = {isa = PBXBuildFile; fileRef = 3DDA997B1BD56EF600653D7F /* SelfieDetailViewController.m */; settings = {ASSET_TAGS = (); }; };
		3DDA997F1BD5706B00653D7F /* SelfieTableViewCell.m in Sources */ = {isa = PBXBuildFile; fileRef = 3DDA997E1BD5706B00653D7F /* SelfieTableViewCell.m */; settings = {ASSET_TAGS = (); }; };
		3DDA99821BD5781A00653D7F /* CaptureViewController.m in Sources */ = {isa = PBXBuildFile; fileRef = 3DDA99811BD5781A00653D7F /* CaptureViewController.m */; settings = {ASSET_TAGS = (); }; };
		3DDA99851BD5783000653D7F /* FilterViewController.m in Sources */ = {isa = PBXBuildFile; fileRef = 3DDA99841BD5783000653D7F /* FilterViewController.m */; settings = {ASSET_TAGS = (); }; };
		3DDA99881BD5783F00653D7F /* SubmitViewController.m in Sources */ = {isa = PBXBuildFile; fileRef = 3DDA99871BD5783F00653D7F /* SubmitViewController.m */; settings = {ASSET_TAGS = (); }; };
		3DDA998B1BD5788400653D7F /* FilterDataSource.m in Sources */ = {isa = PBXBuildFile; fileRef = 3DDA998A1BD5788400653D7F /* FilterDataSource.m */; settings = {ASSET_TAGS = (); }; };
		3DDA99901BD579A900653D7F /* FilterCollectionViewCell.m in Sources */ = {isa = PBXBuildFile; fileRef = 3DDA998F1BD579A900653D7F /* FilterCollectionViewCell.m */; settings = {ASSET_TAGS = (); }; };
		3DDA99931BD580AE00653D7F /* ChoiceViewController.m in Sources */ = {isa = PBXBuildFile; fileRef = 3DDA99921BD580AE00653D7F /* ChoiceViewController.m */; settings = {ASSET_TAGS = (); }; };
		3DDA99961BD580C200653D7F /* LoginViewController.m in Sources */ = {isa = PBXBuildFile; fileRef = 3DDA99951BD580C200653D7F /* LoginViewController.m */; settings = {ASSET_TAGS = (); }; };
		3DDA99991BD5812F00653D7F /* RegisterViewController.m in Sources */ = {isa = PBXBuildFile; fileRef = 3DDA99981BD5812F00653D7F /* RegisterViewController.m */; settings = {ASSET_TAGS = (); }; };
		3DDA999C1BD5816500653D7F /* AvatarViewController.m in Sources */ = {isa = PBXBuildFile; fileRef = 3DDA999B1BD5816500653D7F /* AvatarViewController.m */; settings = {ASSET_TAGS = (); }; };
		3DDA99C01BD6766800653D7F /* SystemConfiguration.framework in Frameworks */ = {isa = PBXBuildFile; fileRef = 3DDA99B51BD6766800653D7F /* SystemConfiguration.framework */; settings = {ASSET_TAGS = (); }; };
		3DDA99C11BD6766800653D7F /* libz.1.dylib in Frameworks */ = {isa = PBXBuildFile; fileRef = 3DDA99B61BD6766800653D7F /* libz.1.dylib */; settings = {ASSET_TAGS = (); }; };
		3DDA99C21BD6766800653D7F /* libsqlite3.dylib in Frameworks */ = {isa = PBXBuildFile; fileRef = 3DDA99B71BD6766800653D7F /* libsqlite3.dylib */; settings = {ASSET_TAGS = (); }; };
		3DDA99C31BD6766800653D7F /* CoreLocation.framework in Frameworks */ = {isa = PBXBuildFile; fileRef = 3DDA99B81BD6766800653D7F /* CoreLocation.framework */; settings = {ASSET_TAGS = (); }; };
		3DDA99C41BD6766800653D7F /* StoreKit.framework in Frameworks */ = {isa = PBXBuildFile; fileRef = 3DDA99B91BD6766800653D7F /* StoreKit.framework */; settings = {ASSET_TAGS = (); }; };
		3DDA99C51BD6766800653D7F /* Security.framework in Frameworks */ = {isa = PBXBuildFile; fileRef = 3DDA99BA1BD6766800653D7F /* Security.framework */; settings = {ASSET_TAGS = (); }; };
		3DDA99C61BD6766800653D7F /* QuartzCore.framework in Frameworks */ = {isa = PBXBuildFile; fileRef = 3DDA99BB1BD6766800653D7F /* QuartzCore.framework */; settings = {ASSET_TAGS = (); }; };
		3DDA99C71BD6766800653D7F /* CoreGraphics.framework in Frameworks */ = {isa = PBXBuildFile; fileRef = 3DDA99BC1BD6766800653D7F /* CoreGraphics.framework */; settings = {ASSET_TAGS = (); }; };
		3DDA99C81BD6766800653D7F /* AudioToolbox.framework in Frameworks */ = {isa = PBXBuildFile; fileRef = 3DDA99BD1BD6766800653D7F /* AudioToolbox.framework */; settings = {ASSET_TAGS = (); }; };
		3DDA99C91BD6766800653D7F /* Bolts.framework in Frameworks */ = {isa = PBXBuildFile; fileRef = 3DDA99BE1BD6766800653D7F /* Bolts.framework */; settings = {ASSET_TAGS = (); }; };
		3DDA99CA1BD6766800653D7F /* Parse.framework in Frameworks */ = {isa = PBXBuildFile; fileRef = 3DDA99BF1BD6766800653D7F /* Parse.framework */; settings = {ASSET_TAGS = (); }; };
/* End PBXBuildFile section */

/* Begin PBXFileReference section */
		3DDA99561BD526A700653D7F /* Camera.app */ = {isa = PBXFileReference; explicitFileType = wrapper.application; includeInIndex = 0; path = Camera.app; sourceTree = BUILT_PRODUCTS_DIR; };
		3DDA995A1BD526A700653D7F /* main.m */ = {isa = PBXFileReference; lastKnownFileType = sourcecode.c.objc; path = main.m; sourceTree = "<group>"; };
		3DDA995C1BD526A700653D7F /* AppDelegate.h */ = {isa = PBXFileReference; lastKnownFileType = sourcecode.c.h; path = AppDelegate.h; sourceTree = "<group>"; };
		3DDA995D1BD526A700653D7F /* AppDelegate.m */ = {isa = PBXFileReference; lastKnownFileType = sourcecode.c.objc; path = AppDelegate.m; sourceTree = "<group>"; };
		3DDA99631BD526A800653D7F /* Base */ = {isa = PBXFileReference; lastKnownFileType = file.storyboard; name = Base; path = Base.lproj/Main.storyboard; sourceTree = "<group>"; };
		3DDA99651BD526A800653D7F /* Assets.xcassets */ = {isa = PBXFileReference; lastKnownFileType = folder.assetcatalog; path = Assets.xcassets; sourceTree = "<group>"; };
		3DDA99681BD526A800653D7F /* Base */ = {isa = PBXFileReference; lastKnownFileType = file.storyboard; name = Base; path = Base.lproj/LaunchScreen.storyboard; sourceTree = "<group>"; };
		3DDA996A1BD526A800653D7F /* Info.plist */ = {isa = PBXFileReference; lastKnownFileType = text.plist.xml; path = Info.plist; sourceTree = "<group>"; };
		3DDA99701BD56C3500653D7F /* Create.storyboard */ = {isa = PBXFileReference; fileEncoding = 4; lastKnownFileType = file.storyboard; path = Create.storyboard; sourceTree = "<group>"; };
		3DDA99721BD56C5000653D7F /* User.storyboard */ = {isa = PBXFileReference; fileEncoding = 4; lastKnownFileType = file.storyboard; path = User.storyboard; sourceTree = "<group>"; };
		3DDA99771BD56EB200653D7F /* SelfieTableViewController.h */ = {isa = PBXFileReference; fileEncoding = 4; lastKnownFileType = sourcecode.c.h; path = SelfieTableViewController.h; sourceTree = "<group>"; };
		3DDA99781BD56EB200653D7F /* SelfieTableViewController.m */ = {isa = PBXFileReference; fileEncoding = 4; lastKnownFileType = sourcecode.c.objc; path = SelfieTableViewController.m; sourceTree = "<group>"; };
		3DDA997A1BD56EF600653D7F /* SelfieDetailViewController.h */ = {isa = PBXFileReference; fileEncoding = 4; lastKnownFileType = sourcecode.c.h; path = SelfieDetailViewController.h; sourceTree = "<group>"; };
		3DDA997B1BD56EF600653D7F /* SelfieDetailViewController.m */ = {isa = PBXFileReference; fileEncoding = 4; lastKnownFileType = sourcecode.c.objc; path = SelfieDetailViewController.m; sourceTree = "<group>"; };
		3DDA997D1BD5706B00653D7F /* SelfieTableViewCell.h */ = {isa = PBXFileReference; fileEncoding = 4; lastKnownFileType = sourcecode.c.h; path = SelfieTableViewCell.h; sourceTree = "<group>"; };
		3DDA997E1BD5706B00653D7F /* SelfieTableViewCell.m */ = {isa = PBXFileReference; fileEncoding = 4; lastKnownFileType = sourcecode.c.objc; path = SelfieTableViewCell.m; sourceTree = "<group>"; };
		3DDA99801BD5781A00653D7F /* CaptureViewController.h */ = {isa = PBXFileReference; fileEncoding = 4; lastKnownFileType = sourcecode.c.h; path = CaptureViewController.h; sourceTree = "<group>"; };
		3DDA99811BD5781A00653D7F /* CaptureViewController.m */ = {isa = PBXFileReference; fileEncoding = 4; lastKnownFileType = sourcecode.c.objc; path = CaptureViewController.m; sourceTree = "<group>"; };
		3DDA99831BD5783000653D7F /* FilterViewController.h */ = {isa = PBXFileReference; fileEncoding = 4; lastKnownFileType = sourcecode.c.h; path = FilterViewController.h; sourceTree = "<group>"; };
		3DDA99841BD5783000653D7F /* FilterViewController.m */ = {isa = PBXFileReference; fileEncoding = 4; lastKnownFileType = sourcecode.c.objc; path = FilterViewController.m; sourceTree = "<group>"; };
		3DDA99861BD5783F00653D7F /* SubmitViewController.h */ = {isa = PBXFileReference; fileEncoding = 4; lastKnownFileType = sourcecode.c.h; path = SubmitViewController.h; sourceTree = "<group>"; };
		3DDA99871BD5783F00653D7F /* SubmitViewController.m */ = {isa = PBXFileReference; fileEncoding = 4; lastKnownFileType = sourcecode.c.objc; path = SubmitViewController.m; sourceTree = "<group>"; };
		3DDA99891BD5788400653D7F /* FilterDataSource.h */ = {isa = PBXFileReference; fileEncoding = 4; lastKnownFileType = sourcecode.c.h; path = FilterDataSource.h; sourceTree = "<group>"; };
		3DDA998A1BD5788400653D7F /* FilterDataSource.m */ = {isa = PBXFileReference; fileEncoding = 4; lastKnownFileType = sourcecode.c.objc; path = FilterDataSource.m; sourceTree = "<group>"; };
		3DDA998E1BD579A900653D7F /* FilterCollectionViewCell.h */ = {isa = PBXFileReference; fileEncoding = 4; lastKnownFileType = sourcecode.c.h; path = FilterCollectionViewCell.h; sourceTree = "<group>"; };
		3DDA998F1BD579A900653D7F /* FilterCollectionViewCell.m */ = {isa = PBXFileReference; fileEncoding = 4; lastKnownFileType = sourcecode.c.objc; path = FilterCollectionViewCell.m; sourceTree = "<group>"; };
		3DDA99911BD580AE00653D7F /* ChoiceViewController.h */ = {isa = PBXFileReference; fileEncoding = 4; lastKnownFileType = sourcecode.c.h; path = ChoiceViewController.h; sourceTree = "<group>"; };
		3DDA99921BD580AE00653D7F /* ChoiceViewController.m */ = {isa = PBXFileReference; fileEncoding = 4; lastKnownFileType = sourcecode.c.objc; path = ChoiceViewController.m; sourceTree = "<group>"; };
		3DDA99941BD580C200653D7F /* LoginViewController.h */ = {isa = PBXFileReference; fileEncoding = 4; lastKnownFileType = sourcecode.c.h; path = LoginViewController.h; sourceTree = "<group>"; };
		3DDA99951BD580C200653D7F /* LoginViewController.m */ = {isa = PBXFileReference; fileEncoding = 4; lastKnownFileType = sourcecode.c.objc; path = LoginViewController.m; sourceTree = "<group>"; };
		3DDA99971BD5812F00653D7F /* RegisterViewController.h */ = {isa = PBXFileReference; fileEncoding = 4; lastKnownFileType = sourcecode.c.h; path = RegisterViewController.h; sourceTree = "<group>"; };
		3DDA99981BD5812F00653D7F /* RegisterViewController.m */ = {isa = PBXFileReference; fileEncoding = 4; lastKnownFileType = sourcecode.c.objc; path = RegisterViewController.m; sourceTree = "<group>"; };
		3DDA999A1BD5816500653D7F /* AvatarViewController.h */ = {isa = PBXFileReference; fileEncoding = 4; lastKnownFileType = sourcecode.c.h; path = AvatarViewController.h; sourceTree = "<group>"; };
		3DDA999B1BD5816500653D7F /* AvatarViewController.m */ = {isa = PBXFileReference; fileEncoding = 4; lastKnownFileType = sourcecode.c.objc; path = AvatarViewController.m; sourceTree = "<group>"; };
		3DDA99B51BD6766800653D7F /* SystemConfiguration.framework */ = {isa = PBXFileReference; lastKnownFileType = wrapper.framework; name = SystemConfiguration.framework; path = System/Library/Frameworks/SystemConfiguration.framework; sourceTree = SDKROOT; };
		3DDA99B61BD6766800653D7F /* libz.1.dylib */ = {isa = PBXFileReference; lastKnownFileType = "compiled.mach-o.dylib"; name = libz.1.dylib; path = ../../../../../usr/lib/libz.1.dylib; sourceTree = "<group>"; };
		3DDA99B71BD6766800653D7F /* libsqlite3.dylib */ = {isa = PBXFileReference; lastKnownFileType = "compiled.mach-o.dylib"; name = libsqlite3.dylib; path = ../../../../../usr/lib/libsqlite3.dylib; sourceTree = "<group>"; };
		3DDA99B81BD6766800653D7F /* CoreLocation.framework */ = {isa = PBXFileReference; lastKnownFileType = wrapper.framework; name = CoreLocation.framework; path = System/Library/Frameworks/CoreLocation.framework; sourceTree = SDKROOT; };
		3DDA99B91BD6766800653D7F /* StoreKit.framework */ = {isa = PBXFileReference; lastKnownFileType = wrapper.framework; name = StoreKit.framework; path = System/Library/Frameworks/StoreKit.framework; sourceTree = SDKROOT; };
		3DDA99BA1BD6766800653D7F /* Security.framework */ = {isa = PBXFileReference; lastKnownFileType = wrapper.framework; name = Security.framework; path = System/Library/Frameworks/Security.framework; sourceTree = SDKROOT; };
		3DDA99BB1BD6766800653D7F /* QuartzCore.framework */ = {isa = PBXFileReference; lastKnownFileType = wrapper.framework; name = QuartzCore.framework; path = System/Library/Frameworks/QuartzCore.framework; sourceTree = SDKROOT; };
		3DDA99BC1BD6766800653D7F /* CoreGraphics.framework */ = {isa = PBXFileReference; lastKnownFileType = wrapper.framework; name = CoreGraphics.framework; path = System/Library/Frameworks/CoreGraphics.framework; sourceTree = SDKROOT; };
		3DDA99BD1BD6766800653D7F /* AudioToolbox.framework */ = {isa = PBXFileReference; lastKnownFileType = wrapper.framework; name = AudioToolbox.framework; path = System/Library/Frameworks/AudioToolbox.framework; sourceTree = SDKROOT; };
		3DDA99BE1BD6766800653D7F /* Bolts.framework */ = {isa = PBXFileReference; lastKnownFileType = wrapper.framework; name = Bolts.framework; path = "../../../_resources/Frameworks/Parse/parse-library-1/Bolts.framework"; sourceTree = "<group>"; };
		3DDA99BF1BD6766800653D7F /* Parse.framework */ = {isa = PBXFileReference; lastKnownFileType = wrapper.framework; name = Parse.framework; path = "../../../_resources/Frameworks/Parse/parse-library-1/Parse.framework"; sourceTree = "<group>"; };
/* End PBXFileReference section */

/* Begin PBXFrameworksBuildPhase section */
		3DDA99531BD526A700653D7F /* Frameworks */ = {
			isa = PBXFrameworksBuildPhase;
			buildActionMask = 2147483647;
			files = (
				3DDA99C31BD6766800653D7F /* CoreLocation.framework in Frameworks */,
				3DDA99C11BD6766800653D7F /* libz.1.dylib in Frameworks */,
				3DDA99C61BD6766800653D7F /* QuartzCore.framework in Frameworks */,
				3DDA99C41BD6766800653D7F /* StoreKit.framework in Frameworks */,
				3DDA99C71BD6766800653D7F /* CoreGraphics.framework in Frameworks */,
				3DDA99C91BD6766800653D7F /* Bolts.framework in Frameworks */,
				3DDA99CA1BD6766800653D7F /* Parse.framework in Frameworks */,
				3DDA99C81BD6766800653D7F /* AudioToolbox.framework in Frameworks */,
				3DDA99C21BD6766800653D7F /* libsqlite3.dylib in Frameworks */,
				3DDA99C51BD6766800653D7F /* Security.framework in Frameworks */,
				3DDA99C01BD6766800653D7F /* SystemConfiguration.framework in Frameworks */,
			);
			runOnlyForDeploymentPostprocessing = 0;
		};
/* End PBXFrameworksBuildPhase section */

/* Begin PBXGroup section */
		3DDA994D1BD526A700653D7F = {
			isa = PBXGroup;
			children = (
				3DDA99B41BD6757000653D7F /* Frameworks */,
				3DDA99581BD526A700653D7F /* Camera */,
				3DDA99571BD526A700653D7F /* Products */,
			);
			sourceTree = "<group>";
		};
		3DDA99571BD526A700653D7F /* Products */ = {
			isa = PBXGroup;
			children = (
				3DDA99561BD526A700653D7F /* Camera.app */,
			);
			name = Products;
			sourceTree = "<group>";
		};
		3DDA99581BD526A700653D7F /* Camera */ = {
			isa = PBXGroup;
			children = (
				3DDA99621BD526A800653D7F /* Main.storyboard */,
				3DDA99751BD56CC200653D7F /* Main Flow */,
				3DDA99701BD56C3500653D7F /* Create.storyboard */,
				3DDA99741BD56CAB00653D7F /* Create Flow */,
				3DDA99721BD56C5000653D7F /* User.storyboard */,
				3DDA99761BD56CCD00653D7F /* User Flow */,
				3DDA99591BD526A700653D7F /* Supporting Files */,
			);
			path = Camera;
			sourceTree = "<group>";
		};
		3DDA99591BD526A700653D7F /* Supporting Files */ = {
			isa = PBXGroup;
			children = (
				3DDA995C1BD526A700653D7F /* AppDelegate.h */,
				3DDA995D1BD526A700653D7F /* AppDelegate.m */,
				3DDA99651BD526A800653D7F /* Assets.xcassets */,
				3DDA99671BD526A800653D7F /* LaunchScreen.storyboard */,
				3DDA996A1BD526A800653D7F /* Info.plist */,
				3DDA995A1BD526A700653D7F /* main.m */,
			);
			name = "Supporting Files";
			sourceTree = "<group>";
		};
		3DDA99741BD56CAB00653D7F /* Create Flow */ = {
			isa = PBXGroup;
			children = (
				3DDA99801BD5781A00653D7F /* CaptureViewController.h */,
				3DDA99811BD5781A00653D7F /* CaptureViewController.m */,
				3DDA99831BD5783000653D7F /* FilterViewController.h */,
				3DDA998D1BD5791C00653D7F /* FilterView */,
				3DDA99841BD5783000653D7F /* FilterViewController.m */,
				3DDA99861BD5783F00653D7F /* SubmitViewController.h */,
				3DDA99871BD5783F00653D7F /* SubmitViewController.m */,
			);
			name = "Create Flow";
			sourceTree = "<group>";
		};
		3DDA99751BD56CC200653D7F /* Main Flow */ = {
			isa = PBXGroup;
			children = (
				3DDA99771BD56EB200653D7F /* SelfieTableViewController.h */,
				3DDA99781BD56EB200653D7F /* SelfieTableViewController.m */,
				3DDA998C1BD578AD00653D7F /* TableView */,
				3DDA997A1BD56EF600653D7F /* SelfieDetailViewController.h */,
				3DDA997B1BD56EF600653D7F /* SelfieDetailViewController.m */,
			);
			name = "Main Flow";
			sourceTree = "<group>";
		};
		3DDA99761BD56CCD00653D7F /* User Flow */ = {
			isa = PBXGroup;
			children = (
				3DDA99911BD580AE00653D7F /* ChoiceViewController.h */,
				3DDA99921BD580AE00653D7F /* ChoiceViewController.m */,
				3DDA99941BD580C200653D7F /* LoginViewController.h */,
				3DDA99951BD580C200653D7F /* LoginViewController.m */,
				3DDA99971BD5812F00653D7F /* RegisterViewController.h */,
				3DDA99981BD5812F00653D7F /* RegisterViewController.m */,
				3DDA999A1BD5816500653D7F /* AvatarViewController.h */,
				3DDA999B1BD5816500653D7F /* AvatarViewController.m */,
			);
			name = "User Flow";
			sourceTree = "<group>";
		};
		3DDA998C1BD578AD00653D7F /* TableView */ = {
			isa = PBXGroup;
			children = (
				3DDA997D1BD5706B00653D7F /* SelfieTableViewCell.h */,
				3DDA997E1BD5706B00653D7F /* SelfieTableViewCell.m */,
			);
			name = TableView;
			sourceTree = "<group>";
		};
		3DDA998D1BD5791C00653D7F /* FilterView */ = {
			isa = PBXGroup;
			children = (
				3DDA99891BD5788400653D7F /* FilterDataSource.h */,
				3DDA998A1BD5788400653D7F /* FilterDataSource.m */,
				3DDA998E1BD579A900653D7F /* FilterCollectionViewCell.h */,
				3DDA998F1BD579A900653D7F /* FilterCollectionViewCell.m */,
			);
			name = FilterView;
			sourceTree = "<group>";
		};
		3DDA99B41BD6757000653D7F /* Frameworks */ = {
			isa = PBXGroup;
			children = (
				3DDA99B51BD6766800653D7F /* SystemConfiguration.framework */,
				3DDA99B61BD6766800653D7F /* libz.1.dylib */,
				3DDA99B71BD6766800653D7F /* libsqlite3.dylib */,
				3DDA99B81BD6766800653D7F /* CoreLocation.framework */,
				3DDA99B91BD6766800653D7F /* StoreKit.framework */,
				3DDA99BA1BD6766800653D7F /* Security.framework */,
				3DDA99BB1BD6766800653D7F /* QuartzCore.framework */,
				3DDA99BC1BD6766800653D7F /* CoreGraphics.framework */,
				3DDA99BD1BD6766800653D7F /* AudioToolbox.framework */,
				3DDA99BE1BD6766800653D7F /* Bolts.framework */,
				3DDA99BF1BD6766800653D7F /* Parse.framework */,
			);
			name = Frameworks;
			sourceTree = "<group>";
		};
/* End PBXGroup section */

/* Begin PBXNativeTarget section */
		3DDA99551BD526A700653D7F /* Camera */ = {
			isa = PBXNativeTarget;
			buildConfigurationList = 3DDA996D1BD526A800653D7F /* Build configuration list for PBXNativeTarget "Camera" */;
			buildPhases = (
				3DDA99521BD526A700653D7F /* Sources */,
				3DDA99531BD526A700653D7F /* Frameworks */,
				3DDA99541BD526A700653D7F /* Resources */,
			);
			buildRules = (
			);
			dependencies = (
			);
			name = Camera;
			productName = Camera;
			productReference = 3DDA99561BD526A700653D7F /* Camera.app */;
			productType = "com.apple.product-type.application";
		};
/* End PBXNativeTarget section */

/* Begin PBXProject section */
		3DDA994E1BD526A700653D7F /* Project object */ = {
			isa = PBXProject;
			attributes = {
				LastUpgradeCheck = 0700;
				ORGANIZATIONNAME = "Kelly Robinson";
				TargetAttributes = {
					3DDA99551BD526A700653D7F = {
						CreatedOnToolsVersion = 7.0.1;
					};
				};
			};
			buildConfigurationList = 3DDA99511BD526A700653D7F /* Build configuration list for PBXProject "Camera" */;
			compatibilityVersion = "Xcode 3.2";
			developmentRegion = English;
			hasScannedForEncodings = 0;
			knownRegions = (
				en,
				Base,
			);
			mainGroup = 3DDA994D1BD526A700653D7F;
			productRefGroup = 3DDA99571BD526A700653D7F /* Products */;
			projectDirPath = "";
			projectRoot = "";
			targets = (
				3DDA99551BD526A700653D7F /* Camera */,
			);
		};
/* End PBXProject section */

/* Begin PBXResourcesBuildPhase section */
		3DDA99541BD526A700653D7F /* Resources */ = {
			isa = PBXResourcesBuildPhase;
			buildActionMask = 2147483647;
			files = (
				3DDA99711BD56C3500653D7F /* Create.storyboard in Resources */,
				3DDA99731BD56C5000653D7F /* User.storyboard in Resources */,
				3DDA99691BD526A800653D7F /* LaunchScreen.storyboard in Resources */,
				3DDA99661BD526A800653D7F /* Assets.xcassets in Resources */,
				3DDA99641BD526A800653D7F /* Main.storyboard in Resources */,
			);
			runOnlyForDeploymentPostprocessing = 0;
		};
/* End PBXResourcesBuildPhase section */

/* Begin PBXSourcesBuildPhase section */
		3DDA99521BD526A700653D7F /* Sources */ = {
			isa = PBXSourcesBuildPhase;
			buildActionMask = 2147483647;
			files = (
				3DDA998B1BD5788400653D7F /* FilterDataSource.m in Sources */,
				3DDA99791BD56EB200653D7F /* SelfieTableViewController.m in Sources */,
				3DDA997C1BD56EF600653D7F /* SelfieDetailViewController.m in Sources */,
				3DDA997F1BD5706B00653D7F /* SelfieTableViewCell.m in Sources */,
				3DDA995E1BD526A700653D7F /* AppDelegate.m in Sources */,
				3DDA99881BD5783F00653D7F /* SubmitViewController.m in Sources */,
				3DDA99901BD579A900653D7F /* FilterCollectionViewCell.m in Sources */,
				3DDA99851BD5783000653D7F /* FilterViewController.m in Sources */,
				3DDA99961BD580C200653D7F /* LoginViewController.m in Sources */,
				3DDA99991BD5812F00653D7F /* RegisterViewController.m in Sources */,
				3DDA995B1BD526A700653D7F /* main.m in Sources */,
				3DDA99821BD5781A00653D7F /* CaptureViewController.m in Sources */,
				3DDA99931BD580AE00653D7F /* ChoiceViewController.m in Sources */,
				3DDA999C1BD5816500653D7F /* AvatarViewController.m in Sources */,
			);
			runOnlyForDeploymentPostprocessing = 0;
		};
/* End PBXSourcesBuildPhase section */

/* Begin PBXVariantGroup section */
		3DDA99621BD526A800653D7F /* Main.storyboard */ = {
			isa = PBXVariantGroup;
			children = (
				3DDA99631BD526A800653D7F /* Base */,
			);
			name = Main.storyboard;
			sourceTree = "<group>";
		};
		3DDA99671BD526A800653D7F /* LaunchScreen.storyboard */ = {
			isa = PBXVariantGroup;
			children = (
				3DDA99681BD526A800653D7F /* Base */,
			);
			name = LaunchScreen.storyboard;
			sourceTree = "<group>";
		};
/* End PBXVariantGroup section */

/* Begin XCBuildConfiguration section */
		3DDA996B1BD526A800653D7F /* Debug */ = {
			isa = XCBuildConfiguration;
			buildSettings = {
				ALWAYS_SEARCH_USER_PATHS = NO;
				CLANG_CXX_LANGUAGE_STANDARD = "gnu++0x";
				CLANG_CXX_LIBRARY = "libc++";
				CLANG_ENABLE_MODULES = YES;
				CLANG_ENABLE_OBJC_ARC = YES;
				CLANG_WARN_BOOL_CONVERSION = YES;
				CLANG_WARN_CONSTANT_CONVERSION = YES;
				CLANG_WARN_DIRECT_OBJC_ISA_USAGE = YES_ERROR;
				CLANG_WARN_EMPTY_BODY = YES;
				CLANG_WARN_ENUM_CONVERSION = YES;
				CLANG_WARN_INT_CONVERSION = YES;
				CLANG_WARN_OBJC_ROOT_CLASS = YES_ERROR;
				CLANG_WARN_UNREACHABLE_CODE = YES;
				CLANG_WARN__DUPLICATE_METHOD_MATCH = YES;
				"CODE_SIGN_IDENTITY[sdk=iphoneos*]" = "iPhone Developer";
				COPY_PHASE_STRIP = NO;
				DEBUG_INFORMATION_FORMAT = dwarf;
				ENABLE_STRICT_OBJC_MSGSEND = YES;
				ENABLE_TESTABILITY = YES;
				GCC_C_LANGUAGE_STANDARD = gnu99;
				GCC_DYNAMIC_NO_PIC = NO;
				GCC_NO_COMMON_BLOCKS = YES;
				GCC_OPTIMIZATION_LEVEL = 0;
				GCC_PREPROCESSOR_DEFINITIONS = (
					"DEBUG=1",
					"$(inherited)",
				);
				GCC_WARN_64_TO_32_BIT_CONVERSION = YES;
				GCC_WARN_ABOUT_RETURN_TYPE = YES_ERROR;
				GCC_WARN_UNDECLARED_SELECTOR = YES;
				GCC_WARN_UNINITIALIZED_AUTOS = YES_AGGRESSIVE;
				GCC_WARN_UNUSED_FUNCTION = YES;
				GCC_WARN_UNUSED_VARIABLE = YES;
				IPHONEOS_DEPLOYMENT_TARGET = 9.0;
				MTL_ENABLE_DEBUG_INFO = YES;
				ONLY_ACTIVE_ARCH = YES;
				SDKROOT = iphoneos;
			};
			name = Debug;
		};
		3DDA996C1BD526A800653D7F /* Release */ = {
			isa = XCBuildConfiguration;
			buildSettings = {
				ALWAYS_SEARCH_USER_PATHS = NO;
				CLANG_CXX_LANGUAGE_STANDARD = "gnu++0x";
				CLANG_CXX_LIBRARY = "libc++";
				CLANG_ENABLE_MODULES = YES;
				CLANG_ENABLE_OBJC_ARC = YES;
				CLANG_WARN_BOOL_CONVERSION = YES;
				CLANG_WARN_CONSTANT_CONVERSION = YES;
				CLANG_WARN_DIRECT_OBJC_ISA_USAGE = YES_ERROR;
				CLANG_WARN_EMPTY_BODY = YES;
				CLANG_WARN_ENUM_CONVERSION = YES;
				CLANG_WARN_INT_CONVERSION = YES;
				CLANG_WARN_OBJC_ROOT_CLASS = YES_ERROR;
				CLANG_WARN_UNREACHABLE_CODE = YES;
				CLANG_WARN__DUPLICATE_METHOD_MATCH = YES;
				"CODE_SIGN_IDENTITY[sdk=iphoneos*]" = "iPhone Developer";
				COPY_PHASE_STRIP = NO;
				DEBUG_INFORMATION_FORMAT = "dwarf-with-dsym";
				ENABLE_NS_ASSERTIONS = NO;
				ENABLE_STRICT_OBJC_MSGSEND = YES;
				GCC_C_LANGUAGE_STANDARD = gnu99;
				GCC_NO_COMMON_BLOCKS = YES;
				GCC_WARN_64_TO_32_BIT_CONVERSION = YES;
				GCC_WARN_ABOUT_RETURN_TYPE = YES_ERROR;
				GCC_WARN_UNDECLARED_SELECTOR = YES;
				GCC_WARN_UNINITIALIZED_AUTOS = YES_AGGRESSIVE;
				GCC_WARN_UNUSED_FUNCTION = YES;
				GCC_WARN_UNUSED_VARIABLE = YES;
				IPHONEOS_DEPLOYMENT_TARGET = 9.0;
				MTL_ENABLE_DEBUG_INFO = NO;
				SDKROOT = iphoneos;
				VALIDATE_PRODUCT = YES;
			};
			name = Release;
		};
		3DDA996E1BD526A800653D7F /* Debug */ = {
			isa = XCBuildConfiguration;
			buildSettings = {
				ASSETCATALOG_COMPILER_APPICON_NAME = AppIcon;
				FRAMEWORK_SEARCH_PATHS = "/Users/kellyrobinson/_resources/Frameworks/**";
				INFOPLIST_FILE = Camera/Info.plist;
				LD_RUNPATH_SEARCH_PATHS = "$(inherited) @executable_path/Frameworks";
				PRODUCT_BUNDLE_IDENTIFIER = com.Kelly.Camera;
				PRODUCT_NAME = "$(TARGET_NAME)";
			};
			name = Debug;
		};
		3DDA996F1BD526A800653D7F /* Release */ = {
			isa = XCBuildConfiguration;
			buildSettings = {
				ASSETCATALOG_COMPILER_APPICON_NAME = AppIcon;
				FRAMEWORK_SEARCH_PATHS = "/Users/kellyrobinson/_resources/Frameworks/**";
				INFOPLIST_FILE = Camera/Info.plist;
				LD_RUNPATH_SEARCH_PATHS = "$(inherited) @executable_path/Frameworks";
				PRODUCT_BUNDLE_IDENTIFIER = com.Kelly.Camera;
				PRODUCT_NAME = "$(TARGET_NAME)";
			};
			name = Release;
		};
/* End XCBuildConfiguration section */

/* Begin XCConfigurationList section */
		3DDA99511BD526A700653D7F /* Build configuration list for PBXProject "Camera" */ = {
			isa = XCConfigurationList;
			buildConfigurations = (
				3DDA996B1BD526A800653D7F /* Debug */,
				3DDA996C1BD526A800653D7F /* Release */,
			);
			defaultConfigurationIsVisible = 0;
			defaultConfigurationName = Release;
		};
		3DDA996D1BD526A800653D7F /* Build configuration list for PBXNativeTarget "Camera" */ = {
			isa = XCConfigurationList;
			buildConfigurations = (
				3DDA996E1BD526A800653D7F /* Debug */,
				3DDA996F1BD526A800653D7F /* Release */,
			);
			defaultConfigurationIsVisible = 0;
			defaultConfigurationName = Release;
		};
/* End XCConfigurationList section */
	};
	rootObject = 3DDA994E1BD526A700653D7F /* Project object */;
}
